
Microsoft Visual Studio Solution File, Format Version 12.00
# Visual Studio 15
VisualStudioVersion = 15.0.26430.14
MinimumVisualStudioVersion = 10.0.40219.1
Project("{FAE04EC0-301F-11D3-BF4B-00C04F79EFBC}") = "PasswordManagerMx", "PasswordManagerMx\PasswordManagerMx.csproj", "{EB0666FF-05FB-4564-9E73-8A19DD30CE75}"
EndProject
Global
	GlobalSection(SolutionConfigurationPlatforms) = preSolution
		Debug|Any CPU = Debug|Any CPU
		Release|Any CPU = Release|Any CPU
	EndGlobalSection
	GlobalSection(ProjectConfigurationPlatforms) = postSolution
		{EB0666FF-05FB-4564-9E73-8A19DD30CE75}.Debug|Any CPU.ActiveCfg = Debug|Any CPU
		{EB0666FF-05FB-4564-9E73-8A19DD30CE75}.Debug|Any CPU.Build.0 = Debug|Any CPU
		{EB0666FF-05FB-4564-9E73-8A19DD30CE75}.Release|Any CPU.ActiveCfg = Release|Any CPU
		{EB0666FF-05FB-4564-9E73-8A19DD30CE75}.Release|Any CPU.Build.0 = Release|Any CPU
	EndGlobalSection
	GlobalSection(SolutionProperties) = preSolution
		HideSolutionNode = FALSE
	EndGlobalSection
EndGlobal
